
Microsoft Visual Studio Solution File, Format Version 12.00
# Visual Studio Version 16
VisualStudioVersion = 16.0.29613.14
MinimumVisualStudioVersion = 10.0.40219.1
Project("{FAE04EC0-301F-11D3-BF4B-00C04F79EFBC}") = "Data.Generator", "Data.Generator\Data.Generator.csproj", "{8059CDA5-D93A-49FB-9E16-4E609370360F}"
EndProject
Project("{FAE04EC0-301F-11D3-BF4B-00C04F79EFBC}") = "Data.Processor", "Data.Processor\Data.Processor.csproj", "{B6A11D8C-4948-4B44-A28C-96159C58D5D5}"
EndProject
Global
	GlobalSection(SolutionConfigurationPlatforms) = preSolution
		Debug|Any CPU = Debug|Any CPU
		Release|Any CPU = Release|Any CPU
	EndGlobalSection
	GlobalSection(ProjectConfigurationPlatforms) = postSolution
		{8059CDA5-D93A-49FB-9E16-4E609370360F}.Debug|Any CPU.ActiveCfg = Debug|Any CPU
		{8059CDA5-D93A-49FB-9E16-4E609370360F}.Debug|Any CPU.Build.0 = Debug|Any CPU
		{8059CDA5-D93A-49FB-9E16-4E609370360F}.Release|Any CPU.ActiveCfg = Release|Any CPU
		{8059CDA5-D93A-49FB-9E16-4E609370360F}.Release|Any CPU.Build.0 = Release|Any CPU
		{B6A11D8C-4948-4B44-A28C-96159C58D5D5}.Debug|Any CPU.ActiveCfg = Debug|Any CPU
		{B6A11D8C-4948-4B44-A28C-96159C58D5D5}.Debug|Any CPU.Build.0 = Debug|Any CPU
		{B6A11D8C-4948-4B44-A28C-96159C58D5D5}.Release|Any CPU.ActiveCfg = Release|Any CPU
		{B6A11D8C-4948-4B44-A28C-96159C58D5D5}.Release|Any CPU.Build.0 = Release|Any CPU
	EndGlobalSection
	GlobalSection(SolutionProperties) = preSolution
		HideSolutionNode = FALSE
	EndGlobalSection
	GlobalSection(ExtensibilityGlobals) = postSolution
		SolutionGuid = {2C020598-EA68-420B-A1F8-7574A954BF2E}
	EndGlobalSection
EndGlobal
